// !$*UTF8*$!
{
	archiveVersion = 1;
	classes = {
	};
	objectVersion = 77;
	objects = {

/* Begin PBXContainerItemProxy section */
		832EE2DD2E3DF50500B1E754 /* PBXContainerItemProxy */ = {
			isa = PBXContainerItemProxy;
			containerPortal = 832EE2C72E3DF50400B1E754 /* Project object */;
			proxyType = 1;
			remoteGlobalIDString = 832EE2CE2E3DF50400B1E754;
			remoteInfo = EQLE;
		};
		832EE2E72E3DF50500B1E754 /* PBXContainerItemProxy */ = {
			isa = PBXContainerItemProxy;
			containerPortal = 832EE2C72E3DF50400B1E754 /* Project object */;
			proxyType = 1;
			remoteGlobalIDString = 832EE2CE2E3DF50400B1E754;
			remoteInfo = EQLE;
		};
/* End PBXContainerItemProxy section */

/* Begin PBXFileReference section */
		832EE2CF2E3DF50400B1E754 /* EQLE.app */ = {isa = PBXFileReference; explicitFileType = wrapper.application; includeInIndex = 0; path = EQLE.app; sourceTree = BUILT_PRODUCTS_DIR; };
		832EE2DC2E3DF50500B1E754 /* EQLETests.xctest */ = {isa = PBXFileReference; explicitFileType = wrapper.cfbundle; includeInIndex = 0; path = EQLETests.xctest; sourceTree = BUILT_PRODUCTS_DIR; };
		832EE2E62E3DF50500B1E754 /* EQLEUITests.xctest */ = {isa = PBXFileReference; explicitFileType = wrapper.cfbundle; includeInIndex = 0; path = EQLEUITests.xctest; sourceTree = BUILT_PRODUCTS_DIR; };
/* End PBXFileReference section */

/* Begin PBXFileSystemSynchronizedRootGroup section */
		832EE2D12E3DF50400B1E754 /* EQLE */ = {
			isa = PBXFileSystemSynchronizedRootGroup;
			path = EQLE;
			sourceTree = "<group>";
		};
		832EE2DF2E3DF50500B1E754 /* EQLETests */ = {
			isa = PBXFileSystemSynchronizedRootGroup;
			path = EQLETests;
			sourceTree = "<group>";
		};
		832EE2E92E3DF50500B1E754 /* EQLEUITests */ = {
			isa = PBXFileSystemSynchronizedRootGroup;
			path = EQLEUITests;
			sourceTree = "<group>";
		};
/* End PBXFileSystemSynchronizedRootGroup section */

/* Begin PBXFrameworksBuildPhase section */
		832EE2CC2E3DF50400B1E754 /* Frameworks */ = {
			isa = PBXFrameworksBuildPhase;
			buildActionMask = 2147483647;
			files = (
			);
			runOnlyForDeploymentPostprocessing = 0;
		};
		832EE2D92E3DF50500B1E754 /* Frameworks */ = {
			isa = PBXFrameworksBuildPhase;
			buildActionMask = 2147483647;
			files = (
			);
			runOnlyForDeploymentPostprocessing = 0;
		};
		832EE2E32E3DF50500B1E754 /* Frameworks */ = {
			isa = PBXFrameworksBuildPhase;
			buildActionMask = 2147483647;
			files = (
			);
			runOnlyForDeploymentPostprocessing = 0;
		};
/* End PBXFrameworksBuildPhase section */

/* Begin PBXGroup section */
		832EE2C62E3DF50400B1E754 = {
			isa = PBXGroup;
			children = (
				832EE2D12E3DF50400B1E754 /* EQLE */,
				832EE2DF2E3DF50500B1E754 /* EQLETests */,
				832EE2E92E3DF50500B1E754 /* EQLEUITests */,
				832EE2D02E3DF50400B1E754 /* Products */,
			);
			sourceTree = "<group>";
		};
		832EE2D02E3DF50400B1E754 /* Products */ = {
			isa = PBXGroup;
			children = (
				832EE2CF2E3DF50400B1E754 /* EQLE.app */,
				832EE2DC2E3DF50500B1E754 /* EQLETests.xctest */,
				832EE2E62E3DF50500B1E754 /* EQLEUITests.xctest */,
			);
			name = Products;
			sourceTree = "<group>";
		};
/* End PBXGroup section */

/* Begin PBXNativeTarget section */
		832EE2CE2E3DF50400B1E754 /* EQLE */ = {
			isa = PBXNativeTarget;
			buildConfigurationList = 832EE2F02E3DF50500B1E754 /* Build configuration list for PBXNativeTarget "EQLE" */;
			buildPhases = (
				832EE2CB2E3DF50400B1E754 /* Sources */,
				832EE2CC2E3DF50400B1E754 /* Frameworks */,
				832EE2CD2E3DF50400B1E754 /* Resources */,
			);
			buildRules = (
			);
			dependencies = (
			);
			fileSystemSynchronizedGroups = (
				832EE2D12E3DF50400B1E754 /* EQLE */,
			);
			name = EQLE;
			packageProductDependencies = (
			);
			productName = EQLE;
			productReference = 832EE2CF2E3DF50400B1E754 /* EQLE.app */;
			productType = "com.apple.product-type.application";
		};
		832EE2DB2E3DF50500B1E754 /* EQLETests */ = {
			isa = PBXNativeTarget;
			buildConfigurationList = 832EE2F32E3DF50500B1E754 /* Build configuration list for PBXNativeTarget "EQLETests" */;
			buildPhases = (
				832EE2D82E3DF50500B1E754 /* Sources */,
				832EE2D92E3DF50500B1E754 /* Frameworks */,
				832EE2DA2E3DF50500B1E754 /* Resources */,
			);
			buildRules = (
			);
			dependencies = (
				832EE2DE2E3DF50500B1E754 /* PBXTargetDependency */,
			);
			fileSystemSynchronizedGroups = (
				832EE2DF2E3DF50500B1E754 /* EQLETests */,
			);
			name = EQLETests;
			packageProductDependencies = (
			);
			productName = EQLETests;
			productReference = 832EE2DC2E3DF50500B1E754 /* EQLETests.xctest */;
			productType = "com.apple.product-type.bundle.unit-test";
		};
		832EE2E52E3DF50500B1E754 /* EQLEUITests */ = {
			isa = PBXNativeTarget;
			buildConfigurationList = 832EE2F62E3DF50500B1E754 /* Build configuration list for PBXNativeTarget "EQLEUITests" */;
			buildPhases = (
				832EE2E22E3DF50500B1E754 /* Sources */,
				832EE2E32E3DF50500B1E754 /* Frameworks */,
				832EE2E42E3DF50500B1E754 /* Resources */,
			);
			buildRules = (
			);
			dependencies = (
				832EE2E82E3DF50500B1E754 /* PBXTargetDependency */,
			);
			fileSystemSynchronizedGroups = (
				832EE2E92E3DF50500B1E754 /* EQLEUITests */,
			);
			name = EQLEUITests;
			packageProductDependencies = (
			);
			productName = EQLEUITests;
			productReference = 832EE2E62E3DF50500B1E754 /* EQLEUITests.xctest */;
			productType = "com.apple.product-type.bundle.ui-testing";
		};
/* End PBXNativeTarget section */

/* Begin PBXProject section */
		832EE2C72E3DF50400B1E754 /* Project object */ = {
			isa = PBXProject;
			attributes = {
				BuildIndependentTargetsInParallel = 1;
				LastSwiftUpdateCheck = 1640;
				LastUpgradeCheck = 1640;
				TargetAttributes = {
					832EE2CE2E3DF50400B1E754 = {
						CreatedOnToolsVersion = 16.4;
					};
					832EE2DB2E3DF50500B1E754 = {
						CreatedOnToolsVersion = 16.4;
						TestTargetID = 832EE2CE2E3DF50400B1E754;
					};
					832EE2E52E3DF50500B1E754 = {
						CreatedOnToolsVersion = 16.4;
						TestTargetID = 832EE2CE2E3DF50400B1E754;
					};
				};
			};
			buildConfigurationList = 832EE2CA2E3DF50400B1E754 /* Build configuration list for PBXProject "EQLE" */;
			developmentRegion = en;
			hasScannedForEncodings = 0;
			knownRegions = (
				en,
				Base,
			);
			mainGroup = 832EE2C62E3DF50400B1E754;
			minimizedProjectReferenceProxies = 1;
			preferredProjectObjectVersion = 77;
			productRefGroup = 832EE2D02E3DF50400B1E754 /* Products */;
			projectDirPath = "";
			projectRoot = "";
			targets = (
				832EE2CE2E3DF50400B1E754 /* EQLE */,
				832EE2DB2E3DF50500B1E754 /* EQLETests */,
				832EE2E52E3DF50500B1E754 /* EQLEUITests */,
			);
		};
/* End PBXProject section */

/* Begin PBXResourcesBuildPhase section */
		832EE2CD2E3DF50400B1E754 /* Resources */ = {
			isa = PBXResourcesBuildPhase;
			buildActionMask = 2147483647;
			files = (
			);
			runOnlyForDeploymentPostprocessing = 0;
		};
		832EE2DA2E3DF50500B1E754 /* Resources */ = {
			isa = PBXResourcesBuildPhase;
			buildActionMask = 2147483647;
			files = (
			);
			runOnlyForDeploymentPostprocessing = 0;
		};
		832EE2E42E3DF50500B1E754 /* Resources */ = {
			isa = PBXResourcesBuildPhase;
			buildActionMask = 2147483647;
			files = (
			);
			runOnlyForDeploymentPostprocessing = 0;
		};
/* End PBXResourcesBuildPhase section */

/* Begin PBXSourcesBuildPhase section */
		832EE2CB2E3DF50400B1E754 /* Sources */ = {
			isa = PBXSourcesBuildPhase;
			buildActionMask = 2147483647;
			files = (
			);
			runOnlyForDeploymentPostprocessing = 0;
		};
		832EE2D82E3DF50500B1E754 /* Sources */ = {
			isa = PBXSourcesBuildPhase;
			buildActionMask = 2147483647;
			files = (
			);
			runOnlyForDeploymentPostprocessing = 0;
		};
		832EE2E22E3DF50500B1E754 /* Sources */ = {
			isa = PBXSourcesBuildPhase;
			buildActionMask = 2147483647;
			files = (
			);
			runOnlyForDeploymentPostprocessing = 0;
		};
/* End PBXSourcesBuildPhase section */

/* Begin PBXTargetDependency section */
		832EE2DE2E3DF50500B1E754 /* PBXTargetDependency */ = {
			isa = PBXTargetDependency;
			target = 832EE2CE2E3DF50400B1E754 /* EQLE */;
			targetProxy = 832EE2DD2E3DF50500B1E754 /* PBXContainerItemProxy */;
		};
		832EE2E82E3DF50500B1E754 /* PBXTargetDependency */ = {
			isa = PBXTargetDependency;
			target = 832EE2CE2E3DF50400B1E754 /* EQLE */;
			targetProxy = 832EE2E72E3DF50500B1E754 /* PBXContainerItemProxy */;
		};
/* End PBXTargetDependency section */

/* Begin XCBuildConfiguration section */
		832EE2EE2E3DF50500B1E754 /* Debug */ = {
			isa = XCBuildConfiguration;
			buildSettings = {
				ALWAYS_SEARCH_USER_PATHS = NO;
				ASSETCATALOG_COMPILER_GENERATE_SWIFT_ASSET_SYMBOL_EXTENSIONS = YES;
				CLANG_ANALYZER_NONNULL = YES;
				CLANG_ANALYZER_NUMBER_OBJECT_CONVERSION = YES_AGGRESSIVE;
				CLANG_CXX_LANGUAGE_STANDARD = "gnu++20";
				CLANG_ENABLE_MODULES = YES;
				CLANG_ENABLE_OBJC_ARC = YES;
				CLANG_ENABLE_OBJC_WEAK = YES;
				CLANG_WARN_BLOCK_CAPTURE_AUTORELEASING = YES;
				CLANG_WARN_BOOL_CONVERSION = YES;
				CLANG_WARN_COMMA = YES;
				CLANG_WARN_CONSTANT_CONVERSION = YES;
				CLANG_WARN_DEPRECATED_OBJC_IMPLEMENTATIONS = YES;
				CLANG_WARN_DIRECT_OBJC_ISA_USAGE = YES_ERROR;
				CLANG_WARN_DOCUMENTATION_COMMENTS = YES;
				CLANG_WARN_EMPTY_BODY = YES;
				CLANG_WARN_ENUM_CONVERSION = YES;
				CLANG_WARN_INFINITE_RECURSION = YES;
				CLANG_WARN_INT_CONVERSION = YES;
				CLANG_WARN_NON_LITERAL_NULL_CONVERSION = YES;
				CLANG_WARN_OBJC_IMPLICIT_RETAIN_SELF = YES;
				CLANG_WARN_OBJC_LITERAL_CONVERSION = YES;
				CLANG_WARN_OBJC_ROOT_CLASS = YES_ERROR;
				CLANG_WARN_QUOTED_INCLUDE_IN_FRAMEWORK_HEADER = YES;
				CLANG_WARN_RANGE_LOOP_ANALYSIS = YES;
				CLANG_WARN_STRICT_PROTOTYPES = YES;
				CLANG_WARN_SUSPICIOUS_MOVE = YES;
				CLANG_WARN_UNGUARDED_AVAILABILITY = YES_AGGRESSIVE;
				CLANG_WARN_UNREACHABLE_CODE = YES;
				CLANG_WARN__DUPLICATE_METHOD_MATCH = YES;
				COPY_PHASE_STRIP = NO;
				DEBUG_INFORMATION_FORMAT = dwarf;
				ENABLE_STRICT_OBJC_MSGSEND = YES;
				ENABLE_TESTABILITY = YES;
				ENABLE_USER_SCRIPT_SANDBOXING = YES;
				GCC_C_LANGUAGE_STANDARD = gnu17;
				GCC_DYNAMIC_NO_PIC = NO;
				GCC_NO_COMMON_BLOCKS = YES;
				GCC_OPTIMIZATION_LEVEL = 0;
				GCC_PREPROCESSOR_DEFINITIONS = (
					"DEBUG=1",
					"$(inherited)",
				);
				GCC_WARN_64_TO_32_BIT_CONVERSION = YES;
				GCC_WARN_ABOUT_RETURN_TYPE = YES_ERROR;
				GCC_WARN_UNDECLARED_SELECTOR = YES;
				GCC_WARN_UNINITIALIZED_AUTOS = YES_AGGRESSIVE;
				GCC_WARN_UNUSED_FUNCTION = YES;
				GCC_WARN_UNUSED_VARIABLE = YES;
				IPHONEOS_DEPLOYMENT_TARGET = 18.5;
				LOCALIZATION_PREFERS_STRING_CATALOGS = YES;
				MTL_ENABLE_DEBUG_INFO = INCLUDE_SOURCE;
				MTL_FAST_MATH = YES;
				ONLY_ACTIVE_ARCH = YES;
				SDKROOT = iphoneos;
				SWIFT_ACTIVE_COMPILATION_CONDITIONS = "DEBUG $(inherited)";
				SWIFT_OPTIMIZATION_LEVEL = "-Onone";
			};
			name = Debug;
		};
		832EE2EF2E3DF50500B1E754 /* Release */ = {
			isa = XCBuildConfiguration;
			buildSettings = {
				ALWAYS_SEARCH_USER_PATHS = NO;
				ASSETCATALOG_COMPILER_GENERATE_SWIFT_ASSET_SYMBOL_EXTENSIONS = YES;
				CLANG_ANALYZER_NONNULL = YES;
				CLANG_ANALYZER_NUMBER_OBJECT_CONVERSION = YES_AGGRESSIVE;
				CLANG_CXX_LANGUAGE_STANDARD = "gnu++20";
				CLANG_ENABLE_MODULES = YES;
				CLANG_ENABLE_OBJC_ARC = YES;
				CLANG_ENABLE_OBJC_WEAK = YES;
				CLANG_WARN_BLOCK_CAPTURE_AUTORELEASING = YES;
				CLANG_WARN_BOOL_CONVERSION = YES;
				CLANG_WARN_COMMA = YES;
				CLANG_WARN_CONSTANT_CONVERSION = YES;
				CLANG_WARN_DEPRECATED_OBJC_IMPLEMENTATIONS = YES;
				CLANG_WARN_DIRECT_OBJC_ISA_USAGE = YES_ERROR;
				CLANG_WARN_DOCUMENTATION_COMMENTS = YES;
				CLANG_WARN_EMPTY_BODY = YES;
				CLANG_WARN_ENUM_CONVERSION = YES;
				CLANG_WARN_INFINITE_RECURSION = YES;
				CLANG_WARN_INT_CONVERSION = YES;
				CLANG_WARN_NON_LITERAL_NULL_CONVERSION = YES;
				CLANG_WARN_OBJC_IMPLICIT_RETAIN_SELF = YES;
				CLANG_WARN_OBJC_LITERAL_CONVERSION = YES;
				CLANG_WARN_OBJC_ROOT_CLASS = YES_ERROR;
				CLANG_WARN_QUOTED_INCLUDE_IN_FRAMEWORK_HEADER = YES;
				CLANG_WARN_RANGE_LOOP_ANALYSIS = YES;
				CLANG_WARN_STRICT_PROTOTYPES = YES;
				CLANG_WARN_SUSPICIOUS_MOVE = YES;
				CLANG_WARN_UNGUARDED_AVAILABILITY = YES_AGGRESSIVE;
				CLANG_WARN_UNREACHABLE_CODE = YES;
				CLANG_WARN__DUPLICATE_METHOD_MATCH = YES;
				COPY_PHASE_STRIP = NO;
				DEBUG_INFORMATION_FORMAT = "dwarf-with-dsym";
				ENABLE_NS_ASSERTIONS = NO;
				ENABLE_STRICT_OBJC_MSGSEND = YES;
				ENABLE_USER_SCRIPT_SANDBOXING = YES;
				GCC_C_LANGUAGE_STANDARD = gnu17;
				GCC_NO_COMMON_BLOCKS = YES;
				GCC_WARN_64_TO_32_BIT_CONVERSION = YES;
				GCC_WARN_ABOUT_RETURN_TYPE = YES_ERROR;
				GCC_WARN_UNDECLARED_SELECTOR = YES;
				GCC_WARN_UNINITIALIZED_AUTOS = YES_AGGRESSIVE;
				GCC_WARN_UNUSED_FUNCTION = YES;
				GCC_WARN_UNUSED_VARIABLE = YES;
				IPHONEOS_DEPLOYMENT_TARGET = 18.5;
				LOCALIZATION_PREFERS_STRING_CATALOGS = YES;
				MTL_ENABLE_DEBUG_INFO = NO;
				MTL_FAST_MATH = YES;
				SDKROOT = iphoneos;
				SWIFT_COMPILATION_MODE = wholemodule;
				VALIDATE_PRODUCT = YES;
			};
			name = Release;
		};
		832EE2F12E3DF50500B1E754 /* Debug */ = {
			isa = XCBuildConfiguration;
			buildSettings = {
				ASSETCATALOG_COMPILER_APPICON_NAME = AppIcon;
				ASSETCATALOG_COMPILER_GLOBAL_ACCENT_COLOR_NAME = AccentColor;
				CODE_SIGN_STYLE = Automatic;
				CURRENT_PROJECT_VERSION = 1;
				ENABLE_PREVIEWS = YES;
				GENERATE_INFOPLIST_FILE = YES;
				INFOPLIST_KEY_UIApplicationSceneManifest_Generation = YES;
				INFOPLIST_KEY_UIApplicationSupportsIndirectInputEvents = YES;
				INFOPLIST_KEY_UILaunchScreen_Generation = YES;
				INFOPLIST_KEY_UISupportedInterfaceOrientations_iPad = "UIInterfaceOrientationPortrait UIInterfaceOrientationPortraitUpsideDown UIInterfaceOrientationLandscapeLeft UIInterfaceOrientationLandscapeRight";
				INFOPLIST_KEY_UISupportedInterfaceOrientations_iPhone = "UIInterfaceOrientationPortrait UIInterfaceOrientationLandscapeLeft UIInterfaceOrientationLandscapeRight";
				LD_RUNPATH_SEARCH_PATHS = (
					"$(inherited)",
					"@executable_path/Frameworks",
				);
				MARKETING_VERSION = 1.0;
				PRODUCT_BUNDLE_IDENTIFIER = com.connorpodea.EQLE;
				PRODUCT_NAME = "$(TARGET_NAME)";
				SWIFT_EMIT_LOC_STRINGS = YES;
				SWIFT_VERSION = 5.0;
				TARGETED_DEVICE_FAMILY = "1,2";
			};
			name = Debug;
		};
		832EE2F22E3DF50500B1E754 /* Release */ = {
			isa = XCBuildConfiguration;
			buildSettings = {
				ASSETCATALOG_COMPILER_APPICON_NAME = AppIcon;
				ASSETCATALOG_COMPILER_GLOBAL_ACCENT_COLOR_NAME = AccentColor;
				CODE_SIGN_STYLE = Automatic;
				CURRENT_PROJECT_VERSION = 1;
				ENABLE_PREVIEWS = YES;
				GENERATE_INFOPLIST_FILE = YES;
				INFOPLIST_KEY_UIApplicationSceneManifest_Generation = YES;
				INFOPLIST_KEY_UIApplicationSupportsIndirectInputEvents = YES;
				INFOPLIST_KEY_UILaunchScreen_Generation = YES;
				INFOPLIST_KEY_UISupportedInterfaceOrientations_iPad = "UIInterfaceOrientationPortrait UIInterfaceOrientationPortraitUpsideDown UIInterfaceOrientationLandscapeLeft UIInterfaceOrientationLandscapeRight";
				INFOPLIST_KEY_UISupportedInterfaceOrientations_iPhone = "UIInterfaceOrientationPortrait UIInterfaceOrientationLandscapeLeft UIInterfaceOrientationLandscapeRight";
				LD_RUNPATH_SEARCH_PATHS = (
					"$(inherited)",
					"@executable_path/Frameworks",
				);
				MARKETING_VERSION = 1.0;
				PRODUCT_BUNDLE_IDENTIFIER = com.connorpodea.EQLE;
				PRODUCT_NAME = "$(TARGET_NAME)";
				SWIFT_EMIT_LOC_STRINGS = YES;
				SWIFT_VERSION = 5.0;
				TARGETED_DEVICE_FAMILY = "1,2";
			};
			name = Release;
		};
		832EE2F42E3DF50500B1E754 /* Debug */ = {
			isa = XCBuildConfiguration;
			buildSettings = {
				BUNDLE_LOADER = "$(TEST_HOST)";
				CODE_SIGN_STYLE = Automatic;
				CURRENT_PROJECT_VERSION = 1;
				GENERATE_INFOPLIST_FILE = YES;
				IPHONEOS_DEPLOYMENT_TARGET = 18.5;
				MARKETING_VERSION = 1.0;
				PRODUCT_BUNDLE_IDENTIFIER = com.connorpodea.EQLETests;
				PRODUCT_NAME = "$(TARGET_NAME)";
				SWIFT_EMIT_LOC_STRINGS = NO;
				SWIFT_VERSION = 5.0;
				TARGETED_DEVICE_FAMILY = "1,2";
				TEST_HOST = "$(BUILT_PRODUCTS_DIR)/EQLE.app/$(BUNDLE_EXECUTABLE_FOLDER_PATH)/EQLE";
			};
			name = Debug;
		};
		832EE2F52E3DF50500B1E754 /* Release */ = {
			isa = XCBuildConfiguration;
			buildSettings = {
				BUNDLE_LOADER = "$(TEST_HOST)";
				CODE_SIGN_STYLE = Automatic;
				CURRENT_PROJECT_VERSION = 1;
				GENERATE_INFOPLIST_FILE = YES;
				IPHONEOS_DEPLOYMENT_TARGET = 18.5;
				MARKETING_VERSION = 1.0;
				PRODUCT_BUNDLE_IDENTIFIER = com.connorpodea.EQLETests;
				PRODUCT_NAME = "$(TARGET_NAME)";
				SWIFT_EMIT_LOC_STRINGS = NO;
				SWIFT_VERSION = 5.0;
				TARGETED_DEVICE_FAMILY = "1,2";
				TEST_HOST = "$(BUILT_PRODUCTS_DIR)/EQLE.app/$(BUNDLE_EXECUTABLE_FOLDER_PATH)/EQLE";
			};
			name = Release;
		};
		832EE2F72E3DF50500B1E754 /* Debug */ = {
			isa = XCBuildConfiguration;
			buildSettings = {
				CODE_SIGN_STYLE = Automatic;
				CURRENT_PROJECT_VERSION = 1;
				GENERATE_INFOPLIST_FILE = YES;
				MARKETING_VERSION = 1.0;
				PRODUCT_BUNDLE_IDENTIFIER = com.connorpodea.EQLEUITests;
				PRODUCT_NAME = "$(TARGET_NAME)";
				SWIFT_EMIT_LOC_STRINGS = NO;
				SWIFT_VERSION = 5.0;
				TARGETED_DEVICE_FAMILY = "1,2";
				TEST_TARGET_NAME = EQLE;
			};
			name = Debug;
		};
		832EE2F82E3DF50500B1E754 /* Release */ = {
			isa = XCBuildConfiguration;
			buildSettings = {
				CODE_SIGN_STYLE = Automatic;
				CURRENT_PROJECT_VERSION = 1;
				GENERATE_INFOPLIST_FILE = YES;
				MARKETING_VERSION = 1.0;
				PRODUCT_BUNDLE_IDENTIFIER = com.connorpodea.EQLEUITests;
				PRODUCT_NAME = "$(TARGET_NAME)";
				SWIFT_EMIT_LOC_STRINGS = NO;
				SWIFT_VERSION = 5.0;
				TARGETED_DEVICE_FAMILY = "1,2";
				TEST_TARGET_NAME = EQLE;
			};
			name = Release;
		};
/* End XCBuildConfiguration section */

/* Begin XCConfigurationList section */
		832EE2CA2E3DF50400B1E754 /* Build configuration list for PBXProject "EQLE" */ = {
			isa = XCConfigurationList;
			buildConfigurations = (
				832EE2EE2E3DF50500B1E754 /* Debug */,
				832EE2EF2E3DF50500B1E754 /* Release */,
			);
			defaultConfigurationIsVisible = 0;
			defaultConfigurationName = Release;
		};
		832EE2F02E3DF50500B1E754 /* Build configuration list for PBXNativeTarget "EQLE" */ = {
			isa = XCConfigurationList;
			buildConfigurations = (
				832EE2F12E3DF50500B1E754 /* Debug */,
				832EE2F22E3DF50500B1E754 /* Release */,
			);
			defaultConfigurationIsVisible = 0;
			defaultConfigurationName = Release;
		};
		832EE2F32E3DF50500B1E754 /* Build configuration list for PBXNativeTarget "EQLETests" */ = {
			isa = XCConfigurationList;
			buildConfigurations = (
				832EE2F42E3DF50500B1E754 /* Debug */,
				832EE2F52E3DF50500B1E754 /* Release */,
			);
			defaultConfigurationIsVisible = 0;
			defaultConfigurationName = Release;
		};
		832EE2F62E3DF50500B1E754 /* Build configuration list for PBXNativeTarget "EQLEUITests" */ = {
			isa = XCConfigurationList;
			buildConfigurations = (
				832EE2F72E3DF50500B1E754 /* Debug */,
				832EE2F82E3DF50500B1E754 /* Release */,
			);
			defaultConfigurationIsVisible = 0;
			defaultConfigurationName = Release;
		};
/* End XCConfigurationList section */
	};
	rootObject = 832EE2C72E3DF50400B1E754 /* Project object */;
}
